
Microsoft Visual Studio Solution File, Format Version 12.00
# Visual Studio 15
VisualStudioVersion = 15.0.26124.0
MinimumVisualStudioVersion = 15.0.26124.0
Project("{2150E333-8FDC-42A3-9474-1A3956D46DE8}") = "src", "src", "{37B10F0D-E3E9-45A3-8099-525F21B6DC80}"
EndProject
Project("{FAE04EC0-301F-11D3-BF4B-00C04F79EFBC}") = "Sispmed.Core", "src\Sispmed.Core\Sispmed.Core.csproj", "{BEB173BC-140F-42D6-90E6-A16CC6564BD6}"
EndProject
Project("{FAE04EC0-301F-11D3-BF4B-00C04F79EFBC}") = "Sispmed.Infrastructure", "src\Sispmed.Infrastructure\Sispmed.Infrastructure.csproj", "{9A7E01FD-9C1C-47F5-B1B3-E3456E999460}"
EndProject
Project("{FAE04EC0-301F-11D3-BF4B-00C04F79EFBC}") = "Sispmed.Web", "src\Sispmed.Web\Sispmed.Web.csproj", "{9A7440AB-C4D9-49FC-8C83-CDCB679BE262}"
EndProject
Global
	GlobalSection(SolutionConfigurationPlatforms) = preSolution
		Debug|Any CPU = Debug|Any CPU
		Debug|x64 = Debug|x64
		Debug|x86 = Debug|x86
		Release|Any CPU = Release|Any CPU
		Release|x64 = Release|x64
		Release|x86 = Release|x86
	EndGlobalSection
	GlobalSection(SolutionProperties) = preSolution
		HideSolutionNode = FALSE
	EndGlobalSection
	GlobalSection(ProjectConfigurationPlatforms) = postSolution
		{BEB173BC-140F-42D6-90E6-A16CC6564BD6}.Debug|Any CPU.ActiveCfg = Debug|Any CPU
		{BEB173BC-140F-42D6-90E6-A16CC6564BD6}.Debug|Any CPU.Build.0 = Debug|Any CPU
		{BEB173BC-140F-42D6-90E6-A16CC6564BD6}.Debug|x64.ActiveCfg = Debug|Any CPU
		{BEB173BC-140F-42D6-90E6-A16CC6564BD6}.Debug|x64.Build.0 = Debug|Any CPU
		{BEB173BC-140F-42D6-90E6-A16CC6564BD6}.Debug|x86.ActiveCfg = Debug|Any CPU
		{BEB173BC-140F-42D6-90E6-A16CC6564BD6}.Debug|x86.Build.0 = Debug|Any CPU
		{BEB173BC-140F-42D6-90E6-A16CC6564BD6}.Release|Any CPU.ActiveCfg = Release|Any CPU
		{BEB173BC-140F-42D6-90E6-A16CC6564BD6}.Release|Any CPU.Build.0 = Release|Any CPU
		{BEB173BC-140F-42D6-90E6-A16CC6564BD6}.Release|x64.ActiveCfg = Release|Any CPU
		{BEB173BC-140F-42D6-90E6-A16CC6564BD6}.Release|x64.Build.0 = Release|Any CPU
		{BEB173BC-140F-42D6-90E6-A16CC6564BD6}.Release|x86.ActiveCfg = Release|Any CPU
		{BEB173BC-140F-42D6-90E6-A16CC6564BD6}.Release|x86.Build.0 = Release|Any CPU
		{9A7E01FD-9C1C-47F5-B1B3-E3456E999460}.Debug|Any CPU.ActiveCfg = Debug|Any CPU
		{9A7E01FD-9C1C-47F5-B1B3-E3456E999460}.Debug|Any CPU.Build.0 = Debug|Any CPU
		{9A7E01FD-9C1C-47F5-B1B3-E3456E999460}.Debug|x64.ActiveCfg = Debug|Any CPU
		{9A7E01FD-9C1C-47F5-B1B3-E3456E999460}.Debug|x64.Build.0 = Debug|Any CPU
		{9A7E01FD-9C1C-47F5-B1B3-E3456E999460}.Debug|x86.ActiveCfg = Debug|Any CPU
		{9A7E01FD-9C1C-47F5-B1B3-E3456E999460}.Debug|x86.Build.0 = Debug|Any CPU
		{9A7E01FD-9C1C-47F5-B1B3-E3456E999460}.Release|Any CPU.ActiveCfg = Release|Any CPU
		{9A7E01FD-9C1C-47F5-B1B3-E3456E999460}.Release|Any CPU.Build.0 = Release|Any CPU
		{9A7E01FD-9C1C-47F5-B1B3-E3456E999460}.Release|x64.ActiveCfg = Release|Any CPU
		{9A7E01FD-9C1C-47F5-B1B3-E3456E999460}.Release|x64.Build.0 = Release|Any CPU
		{9A7E01FD-9C1C-47F5-B1B3-E3456E999460}.Release|x86.ActiveCfg = Release|Any CPU
		{9A7E01FD-9C1C-47F5-B1B3-E3456E999460}.Release|x86.Build.0 = Release|Any CPU
		{9A7440AB-C4D9-49FC-8C83-CDCB679BE262}.Debug|Any CPU.ActiveCfg = Debug|Any CPU
		{9A7440AB-C4D9-49FC-8C83-CDCB679BE262}.Debug|Any CPU.Build.0 = Debug|Any CPU
		{9A7440AB-C4D9-49FC-8C83-CDCB679BE262}.Debug|x64.ActiveCfg = Debug|Any CPU
		{9A7440AB-C4D9-49FC-8C83-CDCB679BE262}.Debug|x64.Build.0 = Debug|Any CPU
		{9A7440AB-C4D9-49FC-8C83-CDCB679BE262}.Debug|x86.ActiveCfg = Debug|Any CPU
		{9A7440AB-C4D9-49FC-8C83-CDCB679BE262}.Debug|x86.Build.0 = Debug|Any CPU
		{9A7440AB-C4D9-49FC-8C83-CDCB679BE262}.Release|Any CPU.ActiveCfg = Release|Any CPU
		{9A7440AB-C4D9-49FC-8C83-CDCB679BE262}.Release|Any CPU.Build.0 = Release|Any CPU
		{9A7440AB-C4D9-49FC-8C83-CDCB679BE262}.Release|x64.ActiveCfg = Release|Any CPU
		{9A7440AB-C4D9-49FC-8C83-CDCB679BE262}.Release|x64.Build.0 = Release|Any CPU
		{9A7440AB-C4D9-49FC-8C83-CDCB679BE262}.Release|x86.ActiveCfg = Release|Any CPU
		{9A7440AB-C4D9-49FC-8C83-CDCB679BE262}.Release|x86.Build.0 = Release|Any CPU
	EndGlobalSection
	GlobalSection(NestedProjects) = preSolution
		{BEB173BC-140F-42D6-90E6-A16CC6564BD6} = {37B10F0D-E3E9-45A3-8099-525F21B6DC80}
		{9A7E01FD-9C1C-47F5-B1B3-E3456E999460} = {37B10F0D-E3E9-45A3-8099-525F21B6DC80}
		{9A7440AB-C4D9-49FC-8C83-CDCB679BE262} = {37B10F0D-E3E9-45A3-8099-525F21B6DC80}
	EndGlobalSection
EndGlobal
